
Microsoft Visual Studio Solution File, Format Version 12.00
# Visual Studio Version 16
VisualStudioVersion = 16.0.30804.86
MinimumVisualStudioVersion = 10.0.40219.1
Project("{9A19103F-16F7-4668-BE54-9A1E7A4F7556}") = "gun6Odev6", "Homework\gun6Odev6\gun6Odev6.csproj", "{D5C76EEE-9177-47A4-BE71-F03CA33F720E}"
EndProject
Project("{9A19103F-16F7-4668-BE54-9A1E7A4F7556}") = "Constructor", "Homework\Constructor\Constructor.csproj", "{7BB1D774-4F91-484B-A4BB-34B845DFD040}"
EndProject
Project("{9A19103F-16F7-4668-BE54-9A1E7A4F7556}") = "Generics", "Homework\Generics\Generics.csproj", "{75BCF1A7-6979-4CEE-8F05-7E23BD29DFB6}"
EndProject
Project("{9A19103F-16F7-4668-BE54-9A1E7A4F7556}") = "Dictionary", "Dictionary\Dictionary.csproj", "{9579F69F-EBDF-4BDA-BB67-CAAF616D0296}"
EndProject
Project("{9A19103F-16F7-4668-BE54-9A1E7A4F7556}") = "MyDictonary", "MyDictonary\MyDictonary.csproj", "{118F4677-DE2E-4FF3-AC9C-129135C71A14}"
EndProject
Project("{9A19103F-16F7-4668-BE54-9A1E7A4F7556}") = "Repead", "Repead\Repead.csproj", "{9A1377EB-4C9B-46B7-B982-077C6E98523E}"
EndProject
Project("{2150E333-8FDC-42A3-9474-1A3956D46DE8}") = "5Gun", "5Gun", "{4E903615-5C2F-403E-AF4D-EFDD0DA15199}"
EndProject
Project("{9A19103F-16F7-4668-BE54-9A1E7A4F7556}") = "Classes", "Classes\Classes.csproj", "{65B3C95C-68E2-490A-8040-C18BBDA5FFCB}"
EndProject
Project("{2150E333-8FDC-42A3-9474-1A3956D46DE8}") = "Kodlamaİo", "Kodlamaİo", "{A31C0732-BF74-4B36-AEDA-156C75438DAF}"
EndProject
Project("{2150E333-8FDC-42A3-9474-1A3956D46DE8}") = "HomeWork", "HomeWork", "{DC673D9D-C8F1-4497-A72C-E48DF4870743}"
EndProject
Project("{9A19103F-16F7-4668-BE54-9A1E7A4F7556}") = "Interfaces", "Interfaces\Interfaces.csproj", "{897DCF4C-A4A1-4511-A476-8D8EDED1FAF1}"
EndProject
Project("{9A19103F-16F7-4668-BE54-9A1E7A4F7556}") = "AbstractClass", "AbstractClass\AbstractClass.csproj", "{AAEFDF5D-31C2-46F8-85B9-02E1DB24BE81}"
EndProject
Project("{9A19103F-16F7-4668-BE54-9A1E7A4F7556}") = "InterfaceAbstractDemo", "InterfaceAbstractDemo\InterfaceAbstractDemo.csproj", "{6312BF07-9105-49ED-9E8B-D504AB62441F}"
EndProject
Project("{9A19103F-16F7-4668-BE54-9A1E7A4F7556}") = "InterfaceAbstractDemo2", "InterfaceAbstractDemo2\InterfaceAbstractDemo2.csproj", "{0957B5A8-830A-462F-B66E-46C01DD407CA}"
EndProject
Project("{9A19103F-16F7-4668-BE54-9A1E7A4F7556}") = "GameProject", "GameProject\GameProject.csproj", "{3CF0D6F0-89BE-4E80-B16A-6897B6ED1937}"
EndProject
Project("{2150E333-8FDC-42A3-9474-1A3956D46DE8}") = "7Gun", "7Gun", "{C193E1F6-020A-48CE-9A3C-271D80193272}"
EndProject
Project("{9A19103F-16F7-4668-BE54-9A1E7A4F7556}") = "LinqProject", "LinqProject\LinqProject.csproj", "{D218E95A-FA01-44F8-97BE-F86C5F6808C8}"
EndProject
Global
	GlobalSection(SolutionConfigurationPlatforms) = preSolution
		Debug|Any CPU = Debug|Any CPU
		Release|Any CPU = Release|Any CPU
	EndGlobalSection
	GlobalSection(ProjectConfigurationPlatforms) = postSolution
		{D5C76EEE-9177-47A4-BE71-F03CA33F720E}.Debug|Any CPU.ActiveCfg = Debug|Any CPU
		{D5C76EEE-9177-47A4-BE71-F03CA33F720E}.Debug|Any CPU.Build.0 = Debug|Any CPU
		{D5C76EEE-9177-47A4-BE71-F03CA33F720E}.Release|Any CPU.ActiveCfg = Release|Any CPU
		{D5C76EEE-9177-47A4-BE71-F03CA33F720E}.Release|Any CPU.Build.0 = Release|Any CPU
		{7BB1D774-4F91-484B-A4BB-34B845DFD040}.Debug|Any CPU.ActiveCfg = Debug|Any CPU
		{7BB1D774-4F91-484B-A4BB-34B845DFD040}.Debug|Any CPU.Build.0 = Debug|Any CPU
		{7BB1D774-4F91-484B-A4BB-34B845DFD040}.Release|Any CPU.ActiveCfg = Release|Any CPU
		{7BB1D774-4F91-484B-A4BB-34B845DFD040}.Release|Any CPU.Build.0 = Release|Any CPU
		{75BCF1A7-6979-4CEE-8F05-7E23BD29DFB6}.Debug|Any CPU.ActiveCfg = Debug|Any CPU
		{75BCF1A7-6979-4CEE-8F05-7E23BD29DFB6}.Debug|Any CPU.Build.0 = Debug|Any CPU
		{75BCF1A7-6979-4CEE-8F05-7E23BD29DFB6}.Release|Any CPU.ActiveCfg = Release|Any CPU
		{75BCF1A7-6979-4CEE-8F05-7E23BD29DFB6}.Release|Any CPU.Build.0 = Release|Any CPU
		{9579F69F-EBDF-4BDA-BB67-CAAF616D0296}.Debug|Any CPU.ActiveCfg = Debug|Any CPU
		{9579F69F-EBDF-4BDA-BB67-CAAF616D0296}.Debug|Any CPU.Build.0 = Debug|Any CPU
		{9579F69F-EBDF-4BDA-BB67-CAAF616D0296}.Release|Any CPU.ActiveCfg = Release|Any CPU
		{9579F69F-EBDF-4BDA-BB67-CAAF616D0296}.Release|Any CPU.Build.0 = Release|Any CPU
		{118F4677-DE2E-4FF3-AC9C-129135C71A14}.Debug|Any CPU.ActiveCfg = Debug|Any CPU
		{118F4677-DE2E-4FF3-AC9C-129135C71A14}.Debug|Any CPU.Build.0 = Debug|Any CPU
		{118F4677-DE2E-4FF3-AC9C-129135C71A14}.Release|Any CPU.ActiveCfg = Release|Any CPU
		{118F4677-DE2E-4FF3-AC9C-129135C71A14}.Release|Any CPU.Build.0 = Release|Any CPU
		{9A1377EB-4C9B-46B7-B982-077C6E98523E}.Debug|Any CPU.ActiveCfg = Debug|Any CPU
		{9A1377EB-4C9B-46B7-B982-077C6E98523E}.Debug|Any CPU.Build.0 = Debug|Any CPU
		{9A1377EB-4C9B-46B7-B982-077C6E98523E}.Release|Any CPU.ActiveCfg = Release|Any CPU
		{9A1377EB-4C9B-46B7-B982-077C6E98523E}.Release|Any CPU.Build.0 = Release|Any CPU
		{65B3C95C-68E2-490A-8040-C18BBDA5FFCB}.Debug|Any CPU.ActiveCfg = Debug|Any CPU
		{65B3C95C-68E2-490A-8040-C18BBDA5FFCB}.Debug|Any CPU.Build.0 = Debug|Any CPU
		{65B3C95C-68E2-490A-8040-C18BBDA5FFCB}.Release|Any CPU.ActiveCfg = Release|Any CPU
		{65B3C95C-68E2-490A-8040-C18BBDA5FFCB}.Release|Any CPU.Build.0 = Release|Any CPU
		{897DCF4C-A4A1-4511-A476-8D8EDED1FAF1}.Debug|Any CPU.ActiveCfg = Debug|Any CPU
		{897DCF4C-A4A1-4511-A476-8D8EDED1FAF1}.Debug|Any CPU.Build.0 = Debug|Any CPU
		{897DCF4C-A4A1-4511-A476-8D8EDED1FAF1}.Release|Any CPU.ActiveCfg = Release|Any CPU
		{897DCF4C-A4A1-4511-A476-8D8EDED1FAF1}.Release|Any CPU.Build.0 = Release|Any CPU
		{AAEFDF5D-31C2-46F8-85B9-02E1DB24BE81}.Debug|Any CPU.ActiveCfg = Debug|Any CPU
		{AAEFDF5D-31C2-46F8-85B9-02E1DB24BE81}.Debug|Any CPU.Build.0 = Debug|Any CPU
		{AAEFDF5D-31C2-46F8-85B9-02E1DB24BE81}.Release|Any CPU.ActiveCfg = Release|Any CPU
		{AAEFDF5D-31C2-46F8-85B9-02E1DB24BE81}.Release|Any CPU.Build.0 = Release|Any CPU
		{6312BF07-9105-49ED-9E8B-D504AB62441F}.Debug|Any CPU.ActiveCfg = Debug|Any CPU
		{6312BF07-9105-49ED-9E8B-D504AB62441F}.Debug|Any CPU.Build.0 = Debug|Any CPU
		{6312BF07-9105-49ED-9E8B-D504AB62441F}.Release|Any CPU.ActiveCfg = Release|Any CPU
		{6312BF07-9105-49ED-9E8B-D504AB62441F}.Release|Any CPU.Build.0 = Release|Any CPU
		{0957B5A8-830A-462F-B66E-46C01DD407CA}.Debug|Any CPU.ActiveCfg = Debug|Any CPU
		{0957B5A8-830A-462F-B66E-46C01DD407CA}.Debug|Any CPU.Build.0 = Debug|Any CPU
		{0957B5A8-830A-462F-B66E-46C01DD407CA}.Release|Any CPU.ActiveCfg = Release|Any CPU
		{0957B5A8-830A-462F-B66E-46C01DD407CA}.Release|Any CPU.Build.0 = Release|Any CPU
		{3CF0D6F0-89BE-4E80-B16A-6897B6ED1937}.Debug|Any CPU.ActiveCfg = Debug|Any CPU
		{3CF0D6F0-89BE-4E80-B16A-6897B6ED1937}.Debug|Any CPU.Build.0 = Debug|Any CPU
		{3CF0D6F0-89BE-4E80-B16A-6897B6ED1937}.Release|Any CPU.ActiveCfg = Release|Any CPU
		{3CF0D6F0-89BE-4E80-B16A-6897B6ED1937}.Release|Any CPU.Build.0 = Release|Any CPU
		{D218E95A-FA01-44F8-97BE-F86C5F6808C8}.Debug|Any CPU.ActiveCfg = Debug|Any CPU
		{D218E95A-FA01-44F8-97BE-F86C5F6808C8}.Debug|Any CPU.Build.0 = Debug|Any CPU
		{D218E95A-FA01-44F8-97BE-F86C5F6808C8}.Release|Any CPU.ActiveCfg = Release|Any CPU
		{D218E95A-FA01-44F8-97BE-F86C5F6808C8}.Release|Any CPU.Build.0 = Release|Any CPU
	EndGlobalSection
	GlobalSection(SolutionProperties) = preSolution
		HideSolutionNode = FALSE
	EndGlobalSection
	GlobalSection(NestedProjects) = preSolution
		{D5C76EEE-9177-47A4-BE71-F03CA33F720E} = {DC673D9D-C8F1-4497-A72C-E48DF4870743}
		{7BB1D774-4F91-484B-A4BB-34B845DFD040} = {DC673D9D-C8F1-4497-A72C-E48DF4870743}
		{75BCF1A7-6979-4CEE-8F05-7E23BD29DFB6} = {DC673D9D-C8F1-4497-A72C-E48DF4870743}
		{9579F69F-EBDF-4BDA-BB67-CAAF616D0296} = {A31C0732-BF74-4B36-AEDA-156C75438DAF}
		{118F4677-DE2E-4FF3-AC9C-129135C71A14} = {A31C0732-BF74-4B36-AEDA-156C75438DAF}
		{9A1377EB-4C9B-46B7-B982-077C6E98523E} = {A31C0732-BF74-4B36-AEDA-156C75438DAF}
		{4E903615-5C2F-403E-AF4D-EFDD0DA15199} = {DC673D9D-C8F1-4497-A72C-E48DF4870743}
		{65B3C95C-68E2-490A-8040-C18BBDA5FFCB} = {4E903615-5C2F-403E-AF4D-EFDD0DA15199}
		{DC673D9D-C8F1-4497-A72C-E48DF4870743} = {A31C0732-BF74-4B36-AEDA-156C75438DAF}
		{897DCF4C-A4A1-4511-A476-8D8EDED1FAF1} = {4E903615-5C2F-403E-AF4D-EFDD0DA15199}
		{AAEFDF5D-31C2-46F8-85B9-02E1DB24BE81} = {4E903615-5C2F-403E-AF4D-EFDD0DA15199}
		{6312BF07-9105-49ED-9E8B-D504AB62441F} = {4E903615-5C2F-403E-AF4D-EFDD0DA15199}
		{0957B5A8-830A-462F-B66E-46C01DD407CA} = {4E903615-5C2F-403E-AF4D-EFDD0DA15199}
		{3CF0D6F0-89BE-4E80-B16A-6897B6ED1937} = {4E903615-5C2F-403E-AF4D-EFDD0DA15199}
		{C193E1F6-020A-48CE-9A3C-271D80193272} = {DC673D9D-C8F1-4497-A72C-E48DF4870743}
		{D218E95A-FA01-44F8-97BE-F86C5F6808C8} = {C193E1F6-020A-48CE-9A3C-271D80193272}
	EndGlobalSection
	GlobalSection(ExtensibilityGlobals) = postSolution
		SolutionGuid = {05AABA82-F3AD-453F-8CF7-8A88FA35446F}
	EndGlobalSection
EndGlobal
