
Microsoft Visual Studio Solution File, Format Version 12.00
# Visual Studio Version 16
VisualStudioVersion = 16.0.30804.86
MinimumVisualStudioVersion = 10.0.40219.1
Project("{FAE04EC0-301F-11D3-BF4B-00C04F79EFBC}") = "Homework", "Homework\Homework.csproj", "{C08B98BB-1714-48FA-BBEA-113CBCFA901B}"
EndProject
Global
	GlobalSection(SolutionConfigurationPlatforms) = preSolution
		Debug|Any CPU = Debug|Any CPU
		Release|Any CPU = Release|Any CPU
	EndGlobalSection
	GlobalSection(ProjectConfigurationPlatforms) = postSolution
		{C08B98BB-1714-48FA-BBEA-113CBCFA901B}.Debug|Any CPU.ActiveCfg = Debug|Any CPU
		{C08B98BB-1714-48FA-BBEA-113CBCFA901B}.Debug|Any CPU.Build.0 = Debug|Any CPU
		{C08B98BB-1714-48FA-BBEA-113CBCFA901B}.Release|Any CPU.ActiveCfg = Release|Any CPU
		{C08B98BB-1714-48FA-BBEA-113CBCFA901B}.Release|Any CPU.Build.0 = Release|Any CPU
	EndGlobalSection
	GlobalSection(SolutionProperties) = preSolution
		HideSolutionNode = FALSE
	EndGlobalSection
	GlobalSection(ExtensibilityGlobals) = postSolution
		SolutionGuid = {E7FCF7DE-62C4-433E-B4E6-E02FBE8D6E4B}
	EndGlobalSection
EndGlobal
