
Microsoft Visual Studio Solution File, Format Version 12.00
# Visual Studio Version 16
VisualStudioVersion = 16.0.30907.101
MinimumVisualStudioVersion = 10.0.40219.1
Project("{FAE04EC0-301F-11D3-BF4B-00C04F79EFBC}") = "DataAccess", "DataAccess\DataAccess.csproj", "{6235CA28-1730-48A5-B4B2-618263CC6986}"
EndProject
Project("{FAE04EC0-301F-11D3-BF4B-00C04F79EFBC}") = "Business", "Business\Business.csproj", "{5DCD8DAE-5A20-42C1-882A-9A001334C50E}"
EndProject
Project("{FAE04EC0-301F-11D3-BF4B-00C04F79EFBC}") = "Entities", "Entities\Entities.csproj", "{15C5A55A-1313-499B-A3DD-07B43840E49E}"
EndProject
Project("{FAE04EC0-301F-11D3-BF4B-00C04F79EFBC}") = "ConsoleUI", "ConsoleUI\ConsoleUI.csproj", "{A816635F-A326-4768-BDA6-28BA713A13CB}"
EndProject
Global
	GlobalSection(SolutionConfigurationPlatforms) = preSolution
		Debug|Any CPU = Debug|Any CPU
		Release|Any CPU = Release|Any CPU
	EndGlobalSection
	GlobalSection(ProjectConfigurationPlatforms) = postSolution
		{6235CA28-1730-48A5-B4B2-618263CC6986}.Debug|Any CPU.ActiveCfg = Debug|Any CPU
		{6235CA28-1730-48A5-B4B2-618263CC6986}.Debug|Any CPU.Build.0 = Debug|Any CPU
		{6235CA28-1730-48A5-B4B2-618263CC6986}.Release|Any CPU.ActiveCfg = Release|Any CPU
		{6235CA28-1730-48A5-B4B2-618263CC6986}.Release|Any CPU.Build.0 = Release|Any CPU
		{5DCD8DAE-5A20-42C1-882A-9A001334C50E}.Debug|Any CPU.ActiveCfg = Debug|Any CPU
		{5DCD8DAE-5A20-42C1-882A-9A001334C50E}.Debug|Any CPU.Build.0 = Debug|Any CPU
		{5DCD8DAE-5A20-42C1-882A-9A001334C50E}.Release|Any CPU.ActiveCfg = Release|Any CPU
		{5DCD8DAE-5A20-42C1-882A-9A001334C50E}.Release|Any CPU.Build.0 = Release|Any CPU
		{15C5A55A-1313-499B-A3DD-07B43840E49E}.Debug|Any CPU.ActiveCfg = Debug|Any CPU
		{15C5A55A-1313-499B-A3DD-07B43840E49E}.Debug|Any CPU.Build.0 = Debug|Any CPU
		{15C5A55A-1313-499B-A3DD-07B43840E49E}.Release|Any CPU.ActiveCfg = Release|Any CPU
		{15C5A55A-1313-499B-A3DD-07B43840E49E}.Release|Any CPU.Build.0 = Release|Any CPU
		{A816635F-A326-4768-BDA6-28BA713A13CB}.Debug|Any CPU.ActiveCfg = Debug|Any CPU
		{A816635F-A326-4768-BDA6-28BA713A13CB}.Debug|Any CPU.Build.0 = Debug|Any CPU
		{A816635F-A326-4768-BDA6-28BA713A13CB}.Release|Any CPU.ActiveCfg = Release|Any CPU
		{A816635F-A326-4768-BDA6-28BA713A13CB}.Release|Any CPU.Build.0 = Release|Any CPU
	EndGlobalSection
	GlobalSection(SolutionProperties) = preSolution
		HideSolutionNode = FALSE
	EndGlobalSection
	GlobalSection(ExtensibilityGlobals) = postSolution
		SolutionGuid = {C534BD31-B164-4082-BC98-6C7C5D1CC378}
	EndGlobalSection
EndGlobal
